
Microsoft Visual Studio Solution File, Format Version 12.00
# Visual Studio Version 16
VisualStudioVersion = 16.0.31424.327
MinimumVisualStudioVersion = 10.0.40219.1
Project("{FAE04EC0-301F-11D3-BF4B-00C04F79EFBC}") = "NotepadClone", "NotepadClone.csproj", "{079A474C-74E5-428F-A111-33F66D5B1466}"
EndProject
Global
	GlobalSection(SolutionConfigurationPlatforms) = preSolution
		Debug|x86 = Debug|x86
		Release|x86 = Release|x86
	EndGlobalSection
	GlobalSection(ProjectConfigurationPlatforms) = postSolution
		{079A474C-74E5-428F-A111-33F66D5B1466}.Debug|x86.ActiveCfg = Debug|Any CPU
		{079A474C-74E5-428F-A111-33F66D5B1466}.Debug|x86.Build.0 = Debug|Any CPU
		{079A474C-74E5-428F-A111-33F66D5B1466}.Release|x86.ActiveCfg = Release|x86
		{079A474C-74E5-428F-A111-33F66D5B1466}.Release|x86.Build.0 = Release|x86
	EndGlobalSection
	GlobalSection(SolutionProperties) = preSolution
		HideSolutionNode = FALSE
	EndGlobalSection
	GlobalSection(ExtensibilityGlobals) = postSolution
		SolutionGuid = {1C83E69D-926D-4660-887F-A0571AAA147F}
	EndGlobalSection
EndGlobal
